
Microsoft Visual Studio Solution File, Format Version 12.00
# Visual Studio Version 17
VisualStudioVersion = 17.2.32516.85
MinimumVisualStudioVersion = 10.0.40219.1
Project("{FAE04EC0-301F-11D3-BF4B-00C04F79EFBC}") = "StockTracking", "StockTracking\StockTracking.csproj", "{46821F0F-A190-45AD-8B0D-7338F6040CD1}"
EndProject
Global
	GlobalSection(SolutionConfigurationPlatforms) = preSolution
		Debug|Any CPU = Debug|Any CPU
		Release|Any CPU = Release|Any CPU
	EndGlobalSection
	GlobalSection(ProjectConfigurationPlatforms) = postSolution
		{46821F0F-A190-45AD-8B0D-7338F6040CD1}.Debug|Any CPU.ActiveCfg = Debug|Any CPU
		{46821F0F-A190-45AD-8B0D-7338F6040CD1}.Debug|Any CPU.Build.0 = Debug|Any CPU
		{46821F0F-A190-45AD-8B0D-7338F6040CD1}.Release|Any CPU.ActiveCfg = Release|Any CPU
		{46821F0F-A190-45AD-8B0D-7338F6040CD1}.Release|Any CPU.Build.0 = Release|Any CPU
	EndGlobalSection
	GlobalSection(SolutionProperties) = preSolution
		HideSolutionNode = FALSE
	EndGlobalSection
	GlobalSection(ExtensibilityGlobals) = postSolution
		SolutionGuid = {6A61C15F-A72C-4278-BAF4-9B9837FD131A}
	EndGlobalSection
EndGlobal
